
Microsoft Visual Studio Solution File, Format Version 12.00
# Visual Studio Version 17
VisualStudioVersion = 17.0.31903.59
MinimumVisualStudioVersion = 10.0.40219.1
Project("{2150E333-8FDC-42A3-9474-1A3956D46DE8}") = "src", "src", "{827E0CD3-B72D-47B6-A68D-7590B98EB39B}"
EndProject
Project("{FAE04EC0-301F-11D3-BF4B-00C04F79EFBC}") = "Company.Persistence.Abstractions", "src\Company.Persistence.Abstractions\Company.Persistence.Abstractions.csproj", "{37CFBC41-9F0F-4EE6-A663-D312CD349E5B}"
EndProject
Project("{FAE04EC0-301F-11D3-BF4B-00C04F79EFBC}") = "Company.Persistence.Mongo", "src\Company.Persistence.Mongo\Company.Persistence.Mongo.csproj", "{4DF8C630-2F7B-406C-8011-6703475BCFC1}"
EndProject
Project("{FAE04EC0-301F-11D3-BF4B-00C04F79EFBC}") = "Company.Persistence.Example", "src\Company.Persistence.Example\Company.Persistence.Example.csproj", "{0B6FC665-9974-4275-9ECB-F55D6B26B862}"
EndProject
Global
	GlobalSection(SolutionConfigurationPlatforms) = preSolution
		Debug|Any CPU = Debug|Any CPU
		Debug|x64 = Debug|x64
		Debug|x86 = Debug|x86
		Release|Any CPU = Release|Any CPU
		Release|x64 = Release|x64
		Release|x86 = Release|x86
	EndGlobalSection
	GlobalSection(ProjectConfigurationPlatforms) = postSolution
		{37CFBC41-9F0F-4EE6-A663-D312CD349E5B}.Debug|Any CPU.ActiveCfg = Debug|Any CPU
		{37CFBC41-9F0F-4EE6-A663-D312CD349E5B}.Debug|Any CPU.Build.0 = Debug|Any CPU
		{37CFBC41-9F0F-4EE6-A663-D312CD349E5B}.Debug|x64.ActiveCfg = Debug|Any CPU
		{37CFBC41-9F0F-4EE6-A663-D312CD349E5B}.Debug|x64.Build.0 = Debug|Any CPU
		{37CFBC41-9F0F-4EE6-A663-D312CD349E5B}.Debug|x86.ActiveCfg = Debug|Any CPU
		{37CFBC41-9F0F-4EE6-A663-D312CD349E5B}.Debug|x86.Build.0 = Debug|Any CPU
		{37CFBC41-9F0F-4EE6-A663-D312CD349E5B}.Release|Any CPU.ActiveCfg = Release|Any CPU
		{37CFBC41-9F0F-4EE6-A663-D312CD349E5B}.Release|Any CPU.Build.0 = Release|Any CPU
		{37CFBC41-9F0F-4EE6-A663-D312CD349E5B}.Release|x64.ActiveCfg = Release|Any CPU
		{37CFBC41-9F0F-4EE6-A663-D312CD349E5B}.Release|x64.Build.0 = Release|Any CPU
		{37CFBC41-9F0F-4EE6-A663-D312CD349E5B}.Release|x86.ActiveCfg = Release|Any CPU
		{37CFBC41-9F0F-4EE6-A663-D312CD349E5B}.Release|x86.Build.0 = Release|Any CPU
		{4DF8C630-2F7B-406C-8011-6703475BCFC1}.Debug|Any CPU.ActiveCfg = Debug|Any CPU
		{4DF8C630-2F7B-406C-8011-6703475BCFC1}.Debug|Any CPU.Build.0 = Debug|Any CPU
		{4DF8C630-2F7B-406C-8011-6703475BCFC1}.Debug|x64.ActiveCfg = Debug|Any CPU
		{4DF8C630-2F7B-406C-8011-6703475BCFC1}.Debug|x64.Build.0 = Debug|Any CPU
		{4DF8C630-2F7B-406C-8011-6703475BCFC1}.Debug|x86.ActiveCfg = Debug|Any CPU
		{4DF8C630-2F7B-406C-8011-6703475BCFC1}.Debug|x86.Build.0 = Debug|Any CPU
		{4DF8C630-2F7B-406C-8011-6703475BCFC1}.Release|Any CPU.ActiveCfg = Release|Any CPU
		{4DF8C630-2F7B-406C-8011-6703475BCFC1}.Release|Any CPU.Build.0 = Release|Any CPU
		{4DF8C630-2F7B-406C-8011-6703475BCFC1}.Release|x64.ActiveCfg = Release|Any CPU
		{4DF8C630-2F7B-406C-8011-6703475BCFC1}.Release|x64.Build.0 = Release|Any CPU
		{4DF8C630-2F7B-406C-8011-6703475BCFC1}.Release|x86.ActiveCfg = Release|Any CPU
		{4DF8C630-2F7B-406C-8011-6703475BCFC1}.Release|x86.Build.0 = Release|Any CPU
		{0B6FC665-9974-4275-9ECB-F55D6B26B862}.Debug|Any CPU.ActiveCfg = Debug|Any CPU
		{0B6FC665-9974-4275-9ECB-F55D6B26B862}.Debug|Any CPU.Build.0 = Debug|Any CPU
		{0B6FC665-9974-4275-9ECB-F55D6B26B862}.Debug|x64.ActiveCfg = Debug|Any CPU
		{0B6FC665-9974-4275-9ECB-F55D6B26B862}.Debug|x64.Build.0 = Debug|Any CPU
		{0B6FC665-9974-4275-9ECB-F55D6B26B862}.Debug|x86.ActiveCfg = Debug|Any CPU
		{0B6FC665-9974-4275-9ECB-F55D6B26B862}.Debug|x86.Build.0 = Debug|Any CPU
		{0B6FC665-9974-4275-9ECB-F55D6B26B862}.Release|Any CPU.ActiveCfg = Release|Any CPU
		{0B6FC665-9974-4275-9ECB-F55D6B26B862}.Release|Any CPU.Build.0 = Release|Any CPU
		{0B6FC665-9974-4275-9ECB-F55D6B26B862}.Release|x64.ActiveCfg = Release|Any CPU
		{0B6FC665-9974-4275-9ECB-F55D6B26B862}.Release|x64.Build.0 = Release|Any CPU
		{0B6FC665-9974-4275-9ECB-F55D6B26B862}.Release|x86.ActiveCfg = Release|Any CPU
		{0B6FC665-9974-4275-9ECB-F55D6B26B862}.Release|x86.Build.0 = Release|Any CPU
	EndGlobalSection
	GlobalSection(SolutionProperties) = preSolution
		HideSolutionNode = FALSE
	EndGlobalSection
	GlobalSection(NestedProjects) = preSolution
		{37CFBC41-9F0F-4EE6-A663-D312CD349E5B} = {827E0CD3-B72D-47B6-A68D-7590B98EB39B}
		{4DF8C630-2F7B-406C-8011-6703475BCFC1} = {827E0CD3-B72D-47B6-A68D-7590B98EB39B}
		{0B6FC665-9974-4275-9ECB-F55D6B26B862} = {827E0CD3-B72D-47B6-A68D-7590B98EB39B}
	EndGlobalSection
EndGlobal
